
Microsoft Visual Studio Solution File, Format Version 12.00
# Visual Studio Version 17
VisualStudioVersion = 17.14.36414.22
MinimumVisualStudioVersion = 10.0.40219.1
Project("{FAE04EC0-301F-11D3-BF4B-00C04F79EFBC}") = "MimsApi.Main", "MimsApi.Main\MimsApi.Main.csproj", "{8F9258CA-7BE7-475A-8816-FC0C41C4DCB9}"
EndProject
Project("{FAE04EC0-301F-11D3-BF4B-00C04F79EFBC}") = "MimsApi.Core", "MimsApi.Core\MimsApi.Core.csproj", "{A785BED3-9AC1-4F2C-86A5-07FB90E96454}"
EndProject
Project("{FAE04EC0-301F-11D3-BF4B-00C04F79EFBC}") = "MimsApi.Data", "MimsApi.Data\MimsApi.Data.csproj", "{16DACA54-9E1D-4BD5-A9E4-09E88415C0DA}"
EndProject
Global
	GlobalSection(SolutionConfigurationPlatforms) = preSolution
		Debug|Any CPU = Debug|Any CPU
		Release|Any CPU = Release|Any CPU
	EndGlobalSection
	GlobalSection(ProjectConfigurationPlatforms) = postSolution
		{8F9258CA-7BE7-475A-8816-FC0C41C4DCB9}.Debug|Any CPU.ActiveCfg = Debug|Any CPU
		{8F9258CA-7BE7-475A-8816-FC0C41C4DCB9}.Debug|Any CPU.Build.0 = Debug|Any CPU
		{8F9258CA-7BE7-475A-8816-FC0C41C4DCB9}.Release|Any CPU.ActiveCfg = Release|Any CPU
		{8F9258CA-7BE7-475A-8816-FC0C41C4DCB9}.Release|Any CPU.Build.0 = Release|Any CPU
		{A785BED3-9AC1-4F2C-86A5-07FB90E96454}.Debug|Any CPU.ActiveCfg = Debug|Any CPU
		{A785BED3-9AC1-4F2C-86A5-07FB90E96454}.Debug|Any CPU.Build.0 = Debug|Any CPU
		{A785BED3-9AC1-4F2C-86A5-07FB90E96454}.Release|Any CPU.ActiveCfg = Release|Any CPU
		{A785BED3-9AC1-4F2C-86A5-07FB90E96454}.Release|Any CPU.Build.0 = Release|Any CPU
		{16DACA54-9E1D-4BD5-A9E4-09E88415C0DA}.Debug|Any CPU.ActiveCfg = Debug|Any CPU
		{16DACA54-9E1D-4BD5-A9E4-09E88415C0DA}.Debug|Any CPU.Build.0 = Debug|Any CPU
		{16DACA54-9E1D-4BD5-A9E4-09E88415C0DA}.Release|Any CPU.ActiveCfg = Release|Any CPU
		{16DACA54-9E1D-4BD5-A9E4-09E88415C0DA}.Release|Any CPU.Build.0 = Release|Any CPU
	EndGlobalSection
	GlobalSection(SolutionProperties) = preSolution
		HideSolutionNode = FALSE
	EndGlobalSection
	GlobalSection(ExtensibilityGlobals) = postSolution
		SolutionGuid = {5443317E-D76C-4995-A994-7ED1385EC4F7}
	EndGlobalSection
EndGlobal
